# This file is autogenerated, do not edit; changes may be undone by the next 'dep ensure'.


[[projects]]
  digest = "1:9f3b30d9f8e0d7040f729b82dcbc8f0dead820a133b3147ce355fc451f32d761"
  name = "github.com/BurntSushi/toml"
  packages = ["."]
  pruneopts = "UT"
  revision = "3012a1dbe2e4bd1391d42b32f0577cb7bbc7f005"
  version = "v0.3.1"

[[projects]]
  branch = "master"
  digest = "1:e61ea9ea12e233a90caa75f22a61486d4473b53069d4e0723fdaa3ce2223f2a0"
  name = "github.com/federicoleon/bookstore_oauth-go"
  packages = ["oauth"]
  pruneopts = "UT"
  revision = "d6e9e471b4ef8dcc7fe631de4d53fae426f97de6"

[[projects]]
  branch = "master"
  digest = "1:c9986bfd1c2729dfdeb5f2d0b1830976c28baa516fa78d848bcd9717fb1c5160"
  name = "github.com/federicoleon/bookstore_utils-go"
  packages = [
    "logger",
    "rest_errors",
  ]
  pruneopts = "UT"
  revision = "f8b94f132ebfdd735a5a25999b261b109136a0c5"

[[projects]]
  digest = "1:cbec35fe4d5a4fba369a656a8cd65e244ea2c743007d8f6c1ccb132acf9d1296"
  name = "github.com/gorilla/mux"
  packages = ["."]
  pruneopts = "UT"
  revision = "00bdffe0f3c77e27d2cf6f5c70232a2d3e4d9c15"
  version = "v1.7.3"

[[projects]]
  digest = "1:891f9c13236eb1b6d1abd4fe01e6c9be51bcc65f04da0dfa4bfdf356374e98c4"
  name = "github.com/mailru/easyjson"
  packages = [
    ".",
    "buffer",
    "jlexer",
    "jwriter",
  ]
  pruneopts = "UT"
  revision = "1b2b06f5f209fea48ff5922d8bfb2b9ed5d8f00b"
  version = "v0.7.0"

[[projects]]
  branch = "master"
  digest = "1:51451e8add50c754e91454c8d190d36c50c8db56b4c0b84f326e06e55c799033"
  name = "github.com/mercadolibre/golang-restclient"
  packages = ["rest"]
  pruneopts = "UT"
  revision = "51958130a0a00a604c7412d2eae5cc9d4637cbcc"

[[projects]]
  digest = "1:4753e9dba3c4dea247a1b65b638d74561c2f3df47fbac74b704d2603bbb41974"
  name = "github.com/olivere/elastic"
  packages = [
    ".",
    "config",
    "uritemplates",
  ]
  pruneopts = "UT"
  revision = "dc1492fc8d9d981e6a2e927933aac5546e473452"
  version = "v6.2.26"

[[projects]]
  digest = "1:cf31692c14422fa27c83a05292eb5cbe0fb2775972e8f1f8446a71549bd8980b"
  name = "github.com/pkg/errors"
  packages = ["."]
  pruneopts = "UT"
  revision = "ba968bfe8b2f7e042a574c888954fccecfa385b4"
  version = "v0.8.1"

[[projects]]
  digest = "1:0bdcb0c740d79d400bd3f7946ac22a715c94db62b20bfd2e01cd50693aba0600"
  name = "go.uber.org/atomic"
  packages = ["."]
  pruneopts = "UT"
  revision = "9dc4df04d0d1c39369750a9f6c32c39560672089"
  version = "v1.5.0"

[[projects]]
  digest = "1:e6d88834deb4e35eb998c74f4d042db6ccecaaf62c0f6d57905852800994af00"
  name = "go.uber.org/multierr"
  packages = ["."]
  pruneopts = "UT"
  revision = "824d08f79702fe5f54aca8400aa0d754318786e7"
  version = "v1.4.0"

[[projects]]
  branch = "master"
  digest = "1:3032e90a153750ea149f68bf081f97ca738f041fba45c41c80737f572ffdf2f4"
  name = "go.uber.org/tools"
  packages = ["update-license"]
  pruneopts = "UT"
  revision = "2cfd321de3ee5d5f8a5fda2521d1703478334d98"

[[projects]]
  digest = "1:260048b6193e304ee294452a9e3410c474e3ce187248c7e2e4a2631207386f74"
  name = "go.uber.org/zap"
  packages = [
    ".",
    "buffer",
    "internal/bufferpool",
    "internal/color",
    "internal/exit",
    "zapcore",
  ]
  pruneopts = "UT"
  revision = "33e58d4d0120aa28d4df84cd244838c490846c9d"
  version = "v1.13.0"

[[projects]]
  branch = "master"
  digest = "1:21d7bad9b7da270fd2d50aba8971a041bd691165c95096a2a4c68db823cbc86a"
  name = "golang.org/x/lint"
  packages = [
    ".",
    "golint",
  ]
  pruneopts = "UT"
  revision = "16217165b5de779cb6a5e4fc81fa9c1166fda457"

[[projects]]
  branch = "master"
  digest = "1:49aa65e95f101c313ab9da226beeb48709ec3a1b056073253f2f3874f0fb738c"
  name = "golang.org/x/tools"
  packages = [
    "go/analysis",
    "go/analysis/passes/inspect",
    "go/ast/astutil",
    "go/ast/inspector",
    "go/buildutil",
    "go/gcexportdata",
    "go/internal/gcimporter",
    "go/internal/packagesdriver",
    "go/packages",
    "go/types/objectpath",
    "go/types/typeutil",
    "internal/fastwalk",
    "internal/gopathwalk",
    "internal/semver",
    "internal/span",
  ]
  pruneopts = "UT"
  revision = "3a792d9c32b2634e09d90a8e377b8f77fca8f02a"

[[projects]]
  digest = "1:131158a88aad1f94854d0aa21a64af2802d0a470fb0f01cb33c04fafd2047111"
  name = "honnef.co/go/tools"
  packages = [
    "arg",
    "cmd/staticcheck",
    "config",
    "deprecated",
    "facts",
    "functions",
    "go/types/typeutil",
    "internal/cache",
    "internal/passes/buildssa",
    "internal/renameio",
    "internal/sharedcheck",
    "lint",
    "lint/lintdsl",
    "lint/lintutil",
    "lint/lintutil/format",
    "loader",
    "printf",
    "simple",
    "ssa",
    "ssautil",
    "staticcheck",
    "staticcheck/vrp",
    "stylecheck",
    "unused",
    "version",
  ]
  pruneopts = "UT"
  revision = "afd67930eec2a9ed3e9b19f684d17a062285f16a"
  version = "2019.2.3"

[solve-meta]
  analyzer-name = "dep"
  analyzer-version = 1
  input-imports = [
    "github.com/federicoleon/bookstore_oauth-go/oauth",
    "github.com/federicoleon/bookstore_utils-go/logger",
    "github.com/federicoleon/bookstore_utils-go/rest_errors",
    "github.com/gorilla/mux",
    "github.com/olivere/elastic",
    "go.uber.org/zap",
    "go.uber.org/zap/zapcore",
  ]
  solver-name = "gps-cdcl"
  solver-version = 1
